
Microsoft Visual Studio Solution File, Format Version 12.00
# Visual Studio Version 17
VisualStudioVersion = 17.5.002.0
MinimumVisualStudioVersion = 10.0.40219.1
Project("{9A19103F-16F7-4668-BE54-9A1E7A4F7556}") = "Account", "Account.csproj", "{3446AF5D-FF30-45E2-8EC5-B0C5FBB262A1}"
EndProject
Global
	GlobalSection(SolutionConfigurationPlatforms) = preSolution
		Debug|Any CPU = Debug|Any CPU
		Release|Any CPU = Release|Any CPU
	EndGlobalSection
	GlobalSection(ProjectConfigurationPlatforms) = postSolution
		{3446AF5D-FF30-45E2-8EC5-B0C5FBB262A1}.Debug|Any CPU.ActiveCfg = Debug|Any CPU
		{3446AF5D-FF30-45E2-8EC5-B0C5FBB262A1}.Debug|Any CPU.Build.0 = Debug|Any CPU
		{3446AF5D-FF30-45E2-8EC5-B0C5FBB262A1}.Release|Any CPU.ActiveCfg = Release|Any CPU
		{3446AF5D-FF30-45E2-8EC5-B0C5FBB262A1}.Release|Any CPU.Build.0 = Release|Any CPU
	EndGlobalSection
	GlobalSection(SolutionProperties) = preSolution
		HideSolutionNode = FALSE
	EndGlobalSection
	GlobalSection(ExtensibilityGlobals) = postSolution
		SolutionGuid = {27241838-8AC9-488C-9138-EA3803E37981}
	EndGlobalSection
EndGlobal
