
Microsoft Visual Studio Solution File, Format Version 12.00
# Visual Studio Version 17
VisualStudioVersion = 17.8.34511.84
MinimumVisualStudioVersion = 10.0.40219.1
Project("{FAE04EC0-301F-11D3-BF4B-00C04F79EFBC}") = "BlazorMovieApp", "BlazorMovieApp.csproj", "{17D407FD-4A58-4C19-A9C0-C6822E8380D9}"
EndProject
Global
	GlobalSection(SolutionConfigurationPlatforms) = preSolution
		Debug|Any CPU = Debug|Any CPU
		Release|Any CPU = Release|Any CPU
	EndGlobalSection
	GlobalSection(ProjectConfigurationPlatforms) = postSolution
		{17D407FD-4A58-4C19-A9C0-C6822E8380D9}.Debug|Any CPU.ActiveCfg = Debug|Any CPU
		{17D407FD-4A58-4C19-A9C0-C6822E8380D9}.Debug|Any CPU.Build.0 = Debug|Any CPU
		{17D407FD-4A58-4C19-A9C0-C6822E8380D9}.Release|Any CPU.ActiveCfg = Release|Any CPU
		{17D407FD-4A58-4C19-A9C0-C6822E8380D9}.Release|Any CPU.Build.0 = Release|Any CPU
	EndGlobalSection
	GlobalSection(SolutionProperties) = preSolution
		HideSolutionNode = FALSE
	EndGlobalSection
	GlobalSection(ExtensibilityGlobals) = postSolution
		SolutionGuid = {B85EC860-6F0C-4A37-9141-93EB34B1FA86}
	EndGlobalSection
EndGlobal
