
Microsoft Visual Studio Solution File, Format Version 12.00
# Visual Studio Version 17
VisualStudioVersion = 17.0.31903.59
MinimumVisualStudioVersion = 10.0.40219.1
Project("{FAE04EC0-301F-11D3-BF4B-00C04F79EFBC}") = "MyConsoleApp", "MyConsoleApp\MyConsoleApp.csproj", "{41D06309-EFA3-4843-AEF0-2C55D7389148}"
EndProject
Global
	GlobalSection(SolutionConfigurationPlatforms) = preSolution
		Debug|Any CPU = Debug|Any CPU
		Release|Any CPU = Release|Any CPU
	EndGlobalSection
	GlobalSection(SolutionProperties) = preSolution
		HideSolutionNode = FALSE
	EndGlobalSection
	GlobalSection(ProjectConfigurationPlatforms) = postSolution
		{41D06309-EFA3-4843-AEF0-2C55D7389148}.Debug|Any CPU.ActiveCfg = Debug|Any CPU
		{41D06309-EFA3-4843-AEF0-2C55D7389148}.Debug|Any CPU.Build.0 = Debug|Any CPU
		{41D06309-EFA3-4843-AEF0-2C55D7389148}.Release|Any CPU.ActiveCfg = Release|Any CPU
		{41D06309-EFA3-4843-AEF0-2C55D7389148}.Release|Any CPU.Build.0 = Release|Any CPU
	EndGlobalSection
EndGlobal
