
Microsoft Visual Studio Solution File, Format Version 12.00
# Visual Studio Version 17
VisualStudioVersion = 17.8.34004.107
MinimumVisualStudioVersion = 10.0.40219.1
Project("{FAE04EC0-301F-11D3-BF4B-00C04F79EFBC}") = "RazorPagesCupcakes", "RazorPagesCupcakes\RazorPagesCupcakes.csproj", "{7E8B3E3C-4BD3-4B47-9546-4160331138B5}"
EndProject
Global
	GlobalSection(SolutionConfigurationPlatforms) = preSolution
		Debug|Any CPU = Debug|Any CPU
		Release|Any CPU = Release|Any CPU
	EndGlobalSection
	GlobalSection(ProjectConfigurationPlatforms) = postSolution
		{7E8B3E3C-4BD3-4B47-9546-4160331138B5}.Debug|Any CPU.ActiveCfg = Debug|Any CPU
		{7E8B3E3C-4BD3-4B47-9546-4160331138B5}.Debug|Any CPU.Build.0 = Debug|Any CPU
		{7E8B3E3C-4BD3-4B47-9546-4160331138B5}.Release|Any CPU.ActiveCfg = Release|Any CPU
		{7E8B3E3C-4BD3-4B47-9546-4160331138B5}.Release|Any CPU.Build.0 = Release|Any CPU
	EndGlobalSection
	GlobalSection(SolutionProperties) = preSolution
		HideSolutionNode = FALSE
	EndGlobalSection
	GlobalSection(ExtensibilityGlobals) = postSolution
		SolutionGuid = {50765316-3FEA-4272-B521-8831AB5F9F23}
	EndGlobalSection
EndGlobal
